
Microsoft Visual Studio Solution File, Format Version 12.00
# Visual Studio Version 17
VisualStudioVersion = 17.10.35013.160
MinimumVisualStudioVersion = 10.0.40219.1
Project("{FAE04EC0-301F-11D3-BF4B-00C04F79EFBC}") = "Semana11", "Semana11\Semana11.csproj", "{23AAFBC9-021B-4E3B-A712-AE5DAD3988E2}"
EndProject
Global
	GlobalSection(SolutionConfigurationPlatforms) = preSolution
		Debug|Any CPU = Debug|Any CPU
		Release|Any CPU = Release|Any CPU
	EndGlobalSection
	GlobalSection(ProjectConfigurationPlatforms) = postSolution
		{23AAFBC9-021B-4E3B-A712-AE5DAD3988E2}.Debug|Any CPU.ActiveCfg = Debug|Any CPU
		{23AAFBC9-021B-4E3B-A712-AE5DAD3988E2}.Debug|Any CPU.Build.0 = Debug|Any CPU
		{23AAFBC9-021B-4E3B-A712-AE5DAD3988E2}.Release|Any CPU.ActiveCfg = Release|Any CPU
		{23AAFBC9-021B-4E3B-A712-AE5DAD3988E2}.Release|Any CPU.Build.0 = Release|Any CPU
	EndGlobalSection
	GlobalSection(SolutionProperties) = preSolution
		HideSolutionNode = FALSE
	EndGlobalSection
	GlobalSection(ExtensibilityGlobals) = postSolution
		SolutionGuid = {BB00250F-CCEE-4183-A83D-B2B44E92473A}
	EndGlobalSection
EndGlobal
